
Microsoft Visual Studio Solution File, Format Version 12.00
Project("{FAE04EC0-301F-11D3-BF4B-00C04F79EFBC}") = "TheVyshka", "TheVyshka\TheVyshka.csproj", "{9A5728B7-83AE-41AB-B42B-5825B633665A}"
EndProject
Project("{FAE04EC0-301F-11D3-BF4B-00C04F79EFBC}") = "TheVyshka.Data", "TheVyshka.Data\TheVyshka.Data.csproj", "{BC6CD764-4DBD-461F-BC11-F250B6D7E31D}"
EndProject
Project("{FAE04EC0-301F-11D3-BF4B-00C04F79EFBC}") = "TheVyshka.Core", "TheVyshka.Core\TheVyshka.Core.csproj", "{9C2AF567-F4A5-4E90-82F6-6E0AA51A3F66}"
EndProject
Global
	GlobalSection(SolutionConfigurationPlatforms) = preSolution
		Debug|Any CPU = Debug|Any CPU
		Release|Any CPU = Release|Any CPU
	EndGlobalSection
	GlobalSection(ProjectConfigurationPlatforms) = postSolution
		{9A5728B7-83AE-41AB-B42B-5825B633665A}.Debug|Any CPU.ActiveCfg = Debug|Any CPU
		{9A5728B7-83AE-41AB-B42B-5825B633665A}.Debug|Any CPU.Build.0 = Debug|Any CPU
		{9A5728B7-83AE-41AB-B42B-5825B633665A}.Release|Any CPU.ActiveCfg = Release|Any CPU
		{9A5728B7-83AE-41AB-B42B-5825B633665A}.Release|Any CPU.Build.0 = Release|Any CPU
		{BC6CD764-4DBD-461F-BC11-F250B6D7E31D}.Debug|Any CPU.ActiveCfg = Debug|Any CPU
		{BC6CD764-4DBD-461F-BC11-F250B6D7E31D}.Debug|Any CPU.Build.0 = Debug|Any CPU
		{BC6CD764-4DBD-461F-BC11-F250B6D7E31D}.Release|Any CPU.ActiveCfg = Release|Any CPU
		{BC6CD764-4DBD-461F-BC11-F250B6D7E31D}.Release|Any CPU.Build.0 = Release|Any CPU
		{9C2AF567-F4A5-4E90-82F6-6E0AA51A3F66}.Debug|Any CPU.ActiveCfg = Debug|Any CPU
		{9C2AF567-F4A5-4E90-82F6-6E0AA51A3F66}.Debug|Any CPU.Build.0 = Debug|Any CPU
		{9C2AF567-F4A5-4E90-82F6-6E0AA51A3F66}.Release|Any CPU.ActiveCfg = Release|Any CPU
		{9C2AF567-F4A5-4E90-82F6-6E0AA51A3F66}.Release|Any CPU.Build.0 = Release|Any CPU
	EndGlobalSection
EndGlobal
